
Microsoft Visual Studio Solution File, Format Version 12.00
# Visual Studio Version 17
VisualStudioVersion = 17.1.32210.238
MinimumVisualStudioVersion = 10.0.40219.1
Project("{FAE04EC0-301F-11D3-BF4B-00C04F79EFBC}") = "CsharpGuide", "CsharpGuide.csproj", "{EC02DBB5-6F40-40C1-9885-5C9572A1C193}"
EndProject
Global
	GlobalSection(SolutionConfigurationPlatforms) = preSolution
		Debug|Any CPU = Debug|Any CPU
		Release|Any CPU = Release|Any CPU
	EndGlobalSection
	GlobalSection(ProjectConfigurationPlatforms) = postSolution
		{EC02DBB5-6F40-40C1-9885-5C9572A1C193}.Debug|Any CPU.ActiveCfg = Debug|Any CPU
		{EC02DBB5-6F40-40C1-9885-5C9572A1C193}.Debug|Any CPU.Build.0 = Debug|Any CPU
		{EC02DBB5-6F40-40C1-9885-5C9572A1C193}.Release|Any CPU.ActiveCfg = Release|Any CPU
		{EC02DBB5-6F40-40C1-9885-5C9572A1C193}.Release|Any CPU.Build.0 = Release|Any CPU
	EndGlobalSection
	GlobalSection(SolutionProperties) = preSolution
		HideSolutionNode = FALSE
	EndGlobalSection
	GlobalSection(ExtensibilityGlobals) = postSolution
		SolutionGuid = {F465350F-DBF7-4DB2-A58C-1F9D3DE235AC}
	EndGlobalSection
EndGlobal
